
Microsoft Visual Studio Solution File, Format Version 12.00
# Visual Studio Version 17
VisualStudioVersion = 17.8.34525.116
MinimumVisualStudioVersion = 10.0.40219.1
Project("{FAE04EC0-301F-11D3-BF4B-00C04F79EFBC}") = "DashboardDesigner", "DashboardDesigner\DashboardDesigner.csproj", "{2FFCE766-BBB9-4111-8466-7433969D8F15}"
EndProject
Project("{FAE04EC0-301F-11D3-BF4B-00C04F79EFBC}") = "DashboardViewer", "DashboardViewer\DashboardViewer.csproj", "{DEF40539-6F91-4E6E-AE43-E362D949A25C}"
EndProject
Project("{9A19103F-16F7-4668-BE54-9A1E7A4F7556}") = "MVCDashboardViewer", "MVCDashboardViewer\MVCDashboardViewer.csproj", "{0AE46D56-7D79-4844-B139-79370551B380}"
EndProject
Global
	GlobalSection(SolutionConfigurationPlatforms) = preSolution
		Debug|Any CPU = Debug|Any CPU
		Release|Any CPU = Release|Any CPU
	EndGlobalSection
	GlobalSection(ProjectConfigurationPlatforms) = postSolution
		{2FFCE766-BBB9-4111-8466-7433969D8F15}.Debug|Any CPU.ActiveCfg = Debug|Any CPU
		{2FFCE766-BBB9-4111-8466-7433969D8F15}.Debug|Any CPU.Build.0 = Debug|Any CPU
		{2FFCE766-BBB9-4111-8466-7433969D8F15}.Release|Any CPU.ActiveCfg = Release|Any CPU
		{2FFCE766-BBB9-4111-8466-7433969D8F15}.Release|Any CPU.Build.0 = Release|Any CPU
		{DEF40539-6F91-4E6E-AE43-E362D949A25C}.Debug|Any CPU.ActiveCfg = Debug|Any CPU
		{DEF40539-6F91-4E6E-AE43-E362D949A25C}.Debug|Any CPU.Build.0 = Debug|Any CPU
		{DEF40539-6F91-4E6E-AE43-E362D949A25C}.Release|Any CPU.ActiveCfg = Release|Any CPU
		{DEF40539-6F91-4E6E-AE43-E362D949A25C}.Release|Any CPU.Build.0 = Release|Any CPU
		{0AE46D56-7D79-4844-B139-79370551B380}.Debug|Any CPU.ActiveCfg = Debug|Any CPU
		{0AE46D56-7D79-4844-B139-79370551B380}.Debug|Any CPU.Build.0 = Debug|Any CPU
		{0AE46D56-7D79-4844-B139-79370551B380}.Release|Any CPU.ActiveCfg = Release|Any CPU
		{0AE46D56-7D79-4844-B139-79370551B380}.Release|Any CPU.Build.0 = Release|Any CPU
	EndGlobalSection
	GlobalSection(SolutionProperties) = preSolution
		HideSolutionNode = FALSE
	EndGlobalSection
	GlobalSection(ExtensibilityGlobals) = postSolution
		SolutionGuid = {FF04BD1A-B54E-42CC-894C-805F0F7A369A}
	EndGlobalSection
EndGlobal
